// !$*UTF8*$!
{
	archiveVersion = 1;
	classes = {
	};
	objectVersion = 56;
	objects = {

/* Begin PBXBuildFile section */
		A10169E42BE69AA60014458B /* ObjectData.swift in Sources */ = {isa = PBXBuildFile; fileRef = A10169E32BE69AA60014458B /* ObjectData.swift */; };
		A108EEF72BF5DD7400C3259F /* FirebaseModel.swift in Sources */ = {isa = PBXBuildFile; fileRef = A108EEF62BF5DD7300C3259F /* FirebaseModel.swift */; };
		A10D44D32BDE81A100B587A1 /* GoogleService-Info.plist in Resources */ = {isa = PBXBuildFile; fileRef = A10D44D22BDE81A100B587A1 /* GoogleService-Info.plist */; };
		A12A908D2BECA1EF00C68B47 /* FirebaseSingleValueView.swift in Sources */ = {isa = PBXBuildFile; fileRef = A12A908C2BECA1EF00C68B47 /* FirebaseSingleValueView.swift */; };
		A148DD4E2BE60B3500C5456D /* FirebaseSingleValueViewModel.swift in Sources */ = {isa = PBXBuildFile; fileRef = A148DD4D2BE60B3500C5456D /* FirebaseSingleValueViewModel.swift */; };
		A148DD502BE60D3000C5456D /* FirebaseDatabaseSwift in Frameworks */ = {isa = PBXBuildFile; productRef = A148DD4F2BE60D3000C5456D /* FirebaseDatabaseSwift */; };
		A15C822F2BEBCDF900B3E277 /* RegionItem.swift in Sources */ = {isa = PBXBuildFile; fileRef = A15C822E2BEBCDF900B3E277 /* RegionItem.swift */; };
		A15C82312BEBD9F900B3E277 /* FestivalItem.swift in Sources */ = {isa = PBXBuildFile; fileRef = A15C82302BEBD9F900B3E277 /* FestivalItem.swift */; };
		A16295A82BDE99C7002D217A /* FirebaseAnalytics in Frameworks */ = {isa = PBXBuildFile; productRef = A16295A72BDE99C7002D217A /* FirebaseAnalytics */; };
		A16295AA2BDE99C7002D217A /* FirebaseAnalyticsSwift in Frameworks */ = {isa = PBXBuildFile; productRef = A16295A92BDE99C7002D217A /* FirebaseAnalyticsSwift */; };
		A16BD1982BC2B09200E235B9 /* MarketsApp.swift in Sources */ = {isa = PBXBuildFile; fileRef = A16BD1972BC2B09200E235B9 /* MarketsApp.swift */; };
		A16BD19A2BC2B09200E235B9 /* ContentView.swift in Sources */ = {isa = PBXBuildFile; fileRef = A16BD1992BC2B09200E235B9 /* ContentView.swift */; };
		A16BD19C2BC2B09300E235B9 /* Assets.xcassets in Resources */ = {isa = PBXBuildFile; fileRef = A16BD19B2BC2B09300E235B9 /* Assets.xcassets */; };
		A16BD1A02BC2B09300E235B9 /* Preview Assets.xcassets in Resources */ = {isa = PBXBuildFile; fileRef = A16BD19F2BC2B09300E235B9 /* Preview Assets.xcassets */; };
		A16BD1AB2BC2B12A00E235B9 /* HomeView.swift in Sources */ = {isa = PBXBuildFile; fileRef = A16BD1AA2BC2B12A00E235B9 /* HomeView.swift */; };
		A16BD1AD2BC2B13900E235B9 /* ItemView.swift in Sources */ = {isa = PBXBuildFile; fileRef = A16BD1AC2BC2B13900E235B9 /* ItemView.swift */; };
		A16BD1AF2BC2B14800E235B9 /* ItemDetailView.swift in Sources */ = {isa = PBXBuildFile; fileRef = A16BD1AE2BC2B14800E235B9 /* ItemDetailView.swift */; };
		A16BD1B12BC2B15A00E235B9 /* ItemDetailMapView.swift in Sources */ = {isa = PBXBuildFile; fileRef = A16BD1B02BC2B15A00E235B9 /* ItemDetailMapView.swift */; };
		A16BD1B32BC2B17500E235B9 /* FavoritesView.swift in Sources */ = {isa = PBXBuildFile; fileRef = A16BD1B22BC2B17500E235B9 /* FavoritesView.swift */; };
		A16BD1B52BC2B18600E235B9 /* MorePageView.swift in Sources */ = {isa = PBXBuildFile; fileRef = A16BD1B42BC2B18600E235B9 /* MorePageView.swift */; };
		A16BD1B82BC2B1A900E235B9 /* AccountCameraView.swift in Sources */ = {isa = PBXBuildFile; fileRef = A16BD1B72BC2B1A900E235B9 /* AccountCameraView.swift */; };
		A16BD1BA2BC2B1BC00E235B9 /* AccountNumberCameraView.swift in Sources */ = {isa = PBXBuildFile; fileRef = A16BD1B92BC2B1BB00E235B9 /* AccountNumberCameraView.swift */; };
		A16BD1BC2BC2B1D000E235B9 /* AccountNumberCameraViewController.swift in Sources */ = {isa = PBXBuildFile; fileRef = A16BD1BB2BC2B1D000E235B9 /* AccountNumberCameraViewController.swift */; };
		A16BD1BE2BC2B1EF00E235B9 /* DeveloperInfoView.swift in Sources */ = {isa = PBXBuildFile; fileRef = A16BD1BD2BC2B1EF00E235B9 /* DeveloperInfoView.swift */; };
		A16BD1C12BC2B20700E235B9 /* NearbyView.swift in Sources */ = {isa = PBXBuildFile; fileRef = A16BD1C02BC2B20700E235B9 /* NearbyView.swift */; };
		A1CDA5302BDE195800BDE086 /* FirebaseDatabase in Frameworks */ = {isa = PBXBuildFile; productRef = A1CDA52F2BDE195800BDE086 /* FirebaseDatabase */; };
		A1CDA5322BDE195800BDE086 /* FirebaseStorage in Frameworks */ = {isa = PBXBuildFile; productRef = A1CDA5312BDE195800BDE086 /* FirebaseStorage */; };
		A1CDA5342BDE195800BDE086 /* FirebaseStorageCombine-Community in Frameworks */ = {isa = PBXBuildFile; productRef = A1CDA5332BDE195800BDE086 /* FirebaseStorageCombine-Community */; };
		A1D154DF2BF6525D0054B55A /* FirebaseImageModel.swift in Sources */ = {isa = PBXBuildFile; fileRef = A1D154DE2BF6525D0054B55A /* FirebaseImageModel.swift */; };
		A1D154E12BF653040054B55A /* FirebaseImageViewTest.swift in Sources */ = {isa = PBXBuildFile; fileRef = A1D154E02BF653040054B55A /* FirebaseImageViewTest.swift */; };
		A1EC938F2BF9CD34008B12E8 /* FestivalDetailView.swift in Sources */ = {isa = PBXBuildFile; fileRef = A1EC938E2BF9CD34008B12E8 /* FestivalDetailView.swift */; };
		A1EF989B2BED2B34008254D8 /* MarketListView.swift in Sources */ = {isa = PBXBuildFile; fileRef = A1EF989A2BED2B34008254D8 /* MarketListView.swift */; };
		A1F1EF842BE3877C00537C50 /* FirebaseMultipleValueView.swift in Sources */ = {isa = PBXBuildFile; fileRef = A1F1EF832BE3877C00537C50 /* FirebaseMultipleValueView.swift */; };
/* End PBXBuildFile section */

/* Begin PBXFileReference section */
		A10169E32BE69AA60014458B /* ObjectData.swift */ = {isa = PBXFileReference; lastKnownFileType = sourcecode.swift; name = ObjectData.swift; path = Markets/ObjectData.swift; sourceTree = SOURCE_ROOT; };
		A108EEF62BF5DD7300C3259F /* FirebaseModel.swift */ = {isa = PBXFileReference; lastKnownFileType = sourcecode.swift; path = FirebaseModel.swift; sourceTree = "<group>"; };
		A10D44D22BDE81A100B587A1 /* GoogleService-Info.plist */ = {isa = PBXFileReference; fileEncoding = 4; lastKnownFileType = text.plist.xml; path = "GoogleService-Info.plist"; sourceTree = "<group>"; };
		A12A908C2BECA1EF00C68B47 /* FirebaseSingleValueView.swift */ = {isa = PBXFileReference; lastKnownFileType = sourcecode.swift; path = FirebaseSingleValueView.swift; sourceTree = "<group>"; };
		A148DD4D2BE60B3500C5456D /* FirebaseSingleValueViewModel.swift */ = {isa = PBXFileReference; lastKnownFileType = sourcecode.swift; path = FirebaseSingleValueViewModel.swift; sourceTree = "<group>"; };
		A15C822E2BEBCDF900B3E277 /* RegionItem.swift */ = {isa = PBXFileReference; lastKnownFileType = sourcecode.swift; path = RegionItem.swift; sourceTree = "<group>"; };
		A15C82302BEBD9F900B3E277 /* FestivalItem.swift */ = {isa = PBXFileReference; lastKnownFileType = sourcecode.swift; path = FestivalItem.swift; sourceTree = "<group>"; };
		A16BD1942BC2B09200E235B9 /* Markets.app */ = {isa = PBXFileReference; explicitFileType = wrapper.application; includeInIndex = 0; path = Markets.app; sourceTree = BUILT_PRODUCTS_DIR; };
		A16BD1972BC2B09200E235B9 /* MarketsApp.swift */ = {isa = PBXFileReference; lastKnownFileType = sourcecode.swift; path = MarketsApp.swift; sourceTree = "<group>"; };
		A16BD1992BC2B09200E235B9 /* ContentView.swift */ = {isa = PBXFileReference; lastKnownFileType = sourcecode.swift; path = ContentView.swift; sourceTree = "<group>"; };
		A16BD19B2BC2B09300E235B9 /* Assets.xcassets */ = {isa = PBXFileReference; lastKnownFileType = folder.assetcatalog; path = Assets.xcassets; sourceTree = "<group>"; };
		A16BD19D2BC2B09300E235B9 /* Markets.entitlements */ = {isa = PBXFileReference; lastKnownFileType = text.plist.entitlements; path = Markets.entitlements; sourceTree = "<group>"; };
		A16BD19F2BC2B09300E235B9 /* Preview Assets.xcassets */ = {isa = PBXFileReference; lastKnownFileType = folder.assetcatalog; path = "Preview Assets.xcassets"; sourceTree = "<group>"; };
		A16BD1AA2BC2B12A00E235B9 /* HomeView.swift */ = {isa = PBXFileReference; lastKnownFileType = sourcecode.swift; path = HomeView.swift; sourceTree = "<group>"; };
		A16BD1AC2BC2B13900E235B9 /* ItemView.swift */ = {isa = PBXFileReference; lastKnownFileType = sourcecode.swift; path = ItemView.swift; sourceTree = "<group>"; };
		A16BD1AE2BC2B14800E235B9 /* ItemDetailView.swift */ = {isa = PBXFileReference; lastKnownFileType = sourcecode.swift; path = ItemDetailView.swift; sourceTree = "<group>"; };
		A16BD1B02BC2B15A00E235B9 /* ItemDetailMapView.swift */ = {isa = PBXFileReference; lastKnownFileType = sourcecode.swift; path = ItemDetailMapView.swift; sourceTree = "<group>"; };
		A16BD1B22BC2B17500E235B9 /* FavoritesView.swift */ = {isa = PBXFileReference; lastKnownFileType = sourcecode.swift; path = FavoritesView.swift; sourceTree = "<group>"; };
		A16BD1B42BC2B18600E235B9 /* MorePageView.swift */ = {isa = PBXFileReference; lastKnownFileType = sourcecode.swift; path = MorePageView.swift; sourceTree = "<group>"; };
		A16BD1B72BC2B1A900E235B9 /* AccountCameraView.swift */ = {isa = PBXFileReference; lastKnownFileType = sourcecode.swift; path = AccountCameraView.swift; sourceTree = "<group>"; };
		A16BD1B92BC2B1BB00E235B9 /* AccountNumberCameraView.swift */ = {isa = PBXFileReference; lastKnownFileType = sourcecode.swift; path = AccountNumberCameraView.swift; sourceTree = "<group>"; };
		A16BD1BB2BC2B1D000E235B9 /* AccountNumberCameraViewController.swift */ = {isa = PBXFileReference; lastKnownFileType = sourcecode.swift; path = AccountNumberCameraViewController.swift; sourceTree = "<group>"; };
		A16BD1BD2BC2B1EF00E235B9 /* DeveloperInfoView.swift */ = {isa = PBXFileReference; lastKnownFileType = sourcecode.swift; path = DeveloperInfoView.swift; sourceTree = "<group>"; };
		A16BD1C02BC2B20700E235B9 /* NearbyView.swift */ = {isa = PBXFileReference; lastKnownFileType = sourcecode.swift; path = NearbyView.swift; sourceTree = "<group>"; };
		A1D154DE2BF6525D0054B55A /* FirebaseImageModel.swift */ = {isa = PBXFileReference; lastKnownFileType = sourcecode.swift; path = FirebaseImageModel.swift; sourceTree = "<group>"; };
		A1D154E02BF653040054B55A /* FirebaseImageViewTest.swift */ = {isa = PBXFileReference; lastKnownFileType = sourcecode.swift; path = FirebaseImageViewTest.swift; sourceTree = "<group>"; };
		A1EC938E2BF9CD34008B12E8 /* FestivalDetailView.swift */ = {isa = PBXFileReference; lastKnownFileType = sourcecode.swift; name = FestivalDetailView.swift; path = Markets/Views/HomeView/FestivalDetailView.swift; sourceTree = SOURCE_ROOT; };
		A1EF989A2BED2B34008254D8 /* MarketListView.swift */ = {isa = PBXFileReference; lastKnownFileType = sourcecode.swift; path = MarketListView.swift; sourceTree = "<group>"; };
		A1F1EF832BE3877C00537C50 /* FirebaseMultipleValueView.swift */ = {isa = PBXFileReference; lastKnownFileType = sourcecode.swift; path = FirebaseMultipleValueView.swift; sourceTree = "<group>"; };
/* End PBXFileReference section */

/* Begin PBXFrameworksBuildPhase section */
		A16BD1912BC2B09200E235B9 /* Frameworks */ = {
			isa = PBXFrameworksBuildPhase;
			buildActionMask = 2147483647;
			files = (
				A148DD502BE60D3000C5456D /* FirebaseDatabaseSwift in Frameworks */,
				A1CDA5302BDE195800BDE086 /* FirebaseDatabase in Frameworks */,
				A1CDA5342BDE195800BDE086 /* FirebaseStorageCombine-Community in Frameworks */,
				A16295A82BDE99C7002D217A /* FirebaseAnalytics in Frameworks */,
				A1CDA5322BDE195800BDE086 /* FirebaseStorage in Frameworks */,
				A16295AA2BDE99C7002D217A /* FirebaseAnalyticsSwift in Frameworks */,
			);
			runOnlyForDeploymentPostprocessing = 0;
		};
/* End PBXFrameworksBuildPhase section */

/* Begin PBXGroup section */
		A1269CD92BE46ACF0077B8BC /* FeatureTests */ = {
			isa = PBXGroup;
			children = (
				A12A908C2BECA1EF00C68B47 /* FirebaseSingleValueView.swift */,
				A1F1EF832BE3877C00537C50 /* FirebaseMultipleValueView.swift */,
				A148DD4D2BE60B3500C5456D /* FirebaseSingleValueViewModel.swift */,
				A1D154E02BF653040054B55A /* FirebaseImageViewTest.swift */,
			);
			path = FeatureTests;
			sourceTree = "<group>";
		};
		A16295A62BDE99C7002D217A /* Frameworks */ = {
			isa = PBXGroup;
			children = (
			);
			name = Frameworks;
			sourceTree = "<group>";
		};
		A16BD18B2BC2B09200E235B9 = {
			isa = PBXGroup;
			children = (
				A16BD1962BC2B09200E235B9 /* Markets */,
				A16BD1952BC2B09200E235B9 /* Products */,
				A16295A62BDE99C7002D217A /* Frameworks */,
			);
			sourceTree = "<group>";
		};
		A16BD1952BC2B09200E235B9 /* Products */ = {
			isa = PBXGroup;
			children = (
				A16BD1942BC2B09200E235B9 /* Markets.app */,
			);
			name = Products;
			sourceTree = "<group>";
		};
		A16BD1962BC2B09200E235B9 /* Markets */ = {
			isa = PBXGroup;
			children = (
				A10D44D22BDE81A100B587A1 /* GoogleService-Info.plist */,
				A108EEF62BF5DD7300C3259F /* FirebaseModel.swift */,
				A16BD1972BC2B09200E235B9 /* MarketsApp.swift */,
				A16BD1992BC2B09200E235B9 /* ContentView.swift */,
				A10169E32BE69AA60014458B /* ObjectData.swift */,
				A1D154DE2BF6525D0054B55A /* FirebaseImageModel.swift */,
				A16BD1A62BC2B0B700E235B9 /* Views */,
				A16BD19B2BC2B09300E235B9 /* Assets.xcassets */,
				A16BD19D2BC2B09300E235B9 /* Markets.entitlements */,
				A16BD19E2BC2B09300E235B9 /* Preview Content */,
			);
			path = Markets;
			sourceTree = "<group>";
		};
		A16BD19E2BC2B09300E235B9 /* Preview Content */ = {
			isa = PBXGroup;
			children = (
				A16BD19F2BC2B09300E235B9 /* Preview Assets.xcassets */,
			);
			path = "Preview Content";
			sourceTree = "<group>";
		};
		A16BD1A62BC2B0B700E235B9 /* Views */ = {
			isa = PBXGroup;
			children = (
				A16BD1A82BC2B10200E235B9 /* HomeView */,
				A16BD1A72BC2B0FB00E235B9 /* FavoritesView */,
				A16BD1A92BC2B11400E235B9 /* MorePage */,
			);
			path = Views;
			sourceTree = "<group>";
		};
		A16BD1A72BC2B0FB00E235B9 /* FavoritesView */ = {
			isa = PBXGroup;
			children = (
				A16BD1B22BC2B17500E235B9 /* FavoritesView.swift */,
			);
			path = FavoritesView;
			sourceTree = "<group>";
		};
		A16BD1A82BC2B10200E235B9 /* HomeView */ = {
			isa = PBXGroup;
			children = (
				A1EF989C2BED2B6B008254D8 /* Items */,
				A16BD1AA2BC2B12A00E235B9 /* HomeView.swift */,
				A1EF989A2BED2B34008254D8 /* MarketListView.swift */,
				A16BD1AE2BC2B14800E235B9 /* ItemDetailView.swift */,
				A16BD1B02BC2B15A00E235B9 /* ItemDetailMapView.swift */,
			);
			path = HomeView;
			sourceTree = "<group>";
		};
		A16BD1A92BC2B11400E235B9 /* MorePage */ = {
			isa = PBXGroup;
			children = (
				A16BD1B42BC2B18600E235B9 /* MorePageView.swift */,
				A16BD1BD2BC2B1EF00E235B9 /* DeveloperInfoView.swift */,
				A1269CD92BE46ACF0077B8BC /* FeatureTests */,
				A16BD1BF2BC2B1FA00E235B9 /* Nearby */,
				A16BD1B62BC2B19100E235B9 /* AccountCamera */,
			);
			path = MorePage;
			sourceTree = "<group>";
		};
		A16BD1B62BC2B19100E235B9 /* AccountCamera */ = {
			isa = PBXGroup;
			children = (
				A16BD1B72BC2B1A900E235B9 /* AccountCameraView.swift */,
				A16BD1B92BC2B1BB00E235B9 /* AccountNumberCameraView.swift */,
				A16BD1BB2BC2B1D000E235B9 /* AccountNumberCameraViewController.swift */,
			);
			path = AccountCamera;
			sourceTree = "<group>";
		};
		A16BD1BF2BC2B1FA00E235B9 /* Nearby */ = {
			isa = PBXGroup;
			children = (
				A16BD1C02BC2B20700E235B9 /* NearbyView.swift */,
			);
			path = Nearby;
			sourceTree = "<group>";
		};
		A1EF989C2BED2B6B008254D8 /* Items */ = {
			isa = PBXGroup;
			children = (
				A15C822E2BEBCDF900B3E277 /* RegionItem.swift */,
				A15C82302BEBD9F900B3E277 /* FestivalItem.swift */,
				A1EC938E2BF9CD34008B12E8 /* FestivalDetailView.swift */,
				A16BD1AC2BC2B13900E235B9 /* ItemView.swift */,
			);
			path = Items;
			sourceTree = "<group>";
		};
/* End PBXGroup section */

/* Begin PBXNativeTarget section */
		A16BD1932BC2B09200E235B9 /* Markets */ = {
			isa = PBXNativeTarget;
			buildConfigurationList = A16BD1A32BC2B09300E235B9 /* Build configuration list for PBXNativeTarget "Markets" */;
			buildPhases = (
				A16BD1902BC2B09200E235B9 /* Sources */,
				A16BD1912BC2B09200E235B9 /* Frameworks */,
				A16BD1922BC2B09200E235B9 /* Resources */,
			);
			buildRules = (
			);
			dependencies = (
			);
			name = Markets;
			packageProductDependencies = (
				A1CDA52F2BDE195800BDE086 /* FirebaseDatabase */,
				A1CDA5312BDE195800BDE086 /* FirebaseStorage */,
				A1CDA5332BDE195800BDE086 /* FirebaseStorageCombine-Community */,
				A16295A72BDE99C7002D217A /* FirebaseAnalytics */,
				A16295A92BDE99C7002D217A /* FirebaseAnalyticsSwift */,
				A148DD4F2BE60D3000C5456D /* FirebaseDatabaseSwift */,
			);
			productName = Markets;
			productReference = A16BD1942BC2B09200E235B9 /* Markets.app */;
			productType = "com.apple.product-type.application";
		};
/* End PBXNativeTarget section */

/* Begin PBXProject section */
		A16BD18C2BC2B09200E235B9 /* Project object */ = {
			isa = PBXProject;
			attributes = {
				BuildIndependentTargetsInParallel = 1;
				LastSwiftUpdateCheck = 1530;
				LastUpgradeCheck = 1540;
				TargetAttributes = {
					A16BD1932BC2B09200E235B9 = {
						CreatedOnToolsVersion = 15.3;
					};
				};
			};
			buildConfigurationList = A16BD18F2BC2B09200E235B9 /* Build configuration list for PBXProject "Markets" */;
			compatibilityVersion = "Xcode 14.0";
			developmentRegion = en;
			hasScannedForEncodings = 0;
			knownRegions = (
				en,
				Base,
			);
			mainGroup = A16BD18B2BC2B09200E235B9;
			packageReferences = (
				A1CDA52E2BDE195800BDE086 /* XCRemoteSwiftPackageReference "firebase-ios-sdk" */,
			);
			productRefGroup = A16BD1952BC2B09200E235B9 /* Products */;
			projectDirPath = "";
			projectRoot = "";
			targets = (
				A16BD1932BC2B09200E235B9 /* Markets */,
			);
		};
/* End PBXProject section */

/* Begin PBXResourcesBuildPhase section */
		A16BD1922BC2B09200E235B9 /* Resources */ = {
			isa = PBXResourcesBuildPhase;
			buildActionMask = 2147483647;
			files = (
				A16BD1A02BC2B09300E235B9 /* Preview Assets.xcassets in Resources */,
				A16BD19C2BC2B09300E235B9 /* Assets.xcassets in Resources */,
				A10D44D32BDE81A100B587A1 /* GoogleService-Info.plist in Resources */,
			);
			runOnlyForDeploymentPostprocessing = 0;
		};
/* End PBXResourcesBuildPhase section */

/* Begin PBXSourcesBuildPhase section */
		A16BD1902BC2B09200E235B9 /* Sources */ = {
			isa = PBXSourcesBuildPhase;
			buildActionMask = 2147483647;
			files = (
				A1D154E12BF653040054B55A /* FirebaseImageViewTest.swift in Sources */,
				A16BD1C12BC2B20700E235B9 /* NearbyView.swift in Sources */,
				A16BD1B82BC2B1A900E235B9 /* AccountCameraView.swift in Sources */,
				A1EF989B2BED2B34008254D8 /* MarketListView.swift in Sources */,
				A10169E42BE69AA60014458B /* ObjectData.swift in Sources */,
				A16BD1B52BC2B18600E235B9 /* MorePageView.swift in Sources */,
				A15C822F2BEBCDF900B3E277 /* RegionItem.swift in Sources */,
				A1D154DF2BF6525D0054B55A /* FirebaseImageModel.swift in Sources */,
				A108EEF72BF5DD7400C3259F /* FirebaseModel.swift in Sources */,
				A148DD4E2BE60B3500C5456D /* FirebaseSingleValueViewModel.swift in Sources */,
				A12A908D2BECA1EF00C68B47 /* FirebaseSingleValueView.swift in Sources */,
				A16BD1AF2BC2B14800E235B9 /* ItemDetailView.swift in Sources */,
				A16BD1BE2BC2B1EF00E235B9 /* DeveloperInfoView.swift in Sources */,
				A16BD1AB2BC2B12A00E235B9 /* HomeView.swift in Sources */,
				A16BD19A2BC2B09200E235B9 /* ContentView.swift in Sources */,
				A1EC938F2BF9CD34008B12E8 /* FestivalDetailView.swift in Sources */,
				A16BD1BC2BC2B1D000E235B9 /* AccountNumberCameraViewController.swift in Sources */,
				A16BD1B12BC2B15A00E235B9 /* ItemDetailMapView.swift in Sources */,
				A16BD1BA2BC2B1BC00E235B9 /* AccountNumberCameraView.swift in Sources */,
				A16BD1B32BC2B17500E235B9 /* FavoritesView.swift in Sources */,
				A16BD1982BC2B09200E235B9 /* MarketsApp.swift in Sources */,
				A15C82312BEBD9F900B3E277 /* FestivalItem.swift in Sources */,
				A16BD1AD2BC2B13900E235B9 /* ItemView.swift in Sources */,
				A1F1EF842BE3877C00537C50 /* FirebaseMultipleValueView.swift in Sources */,
			);
			runOnlyForDeploymentPostprocessing = 0;
		};
/* End PBXSourcesBuildPhase section */

/* Begin XCBuildConfiguration section */
		A16BD1A12BC2B09300E235B9 /* Debug */ = {
			isa = XCBuildConfiguration;
			buildSettings = {
				ALWAYS_SEARCH_USER_PATHS = NO;
				ASSETCATALOG_COMPILER_GENERATE_SWIFT_ASSET_SYMBOL_EXTENSIONS = YES;
				CLANG_ANALYZER_NONNULL = YES;
				CLANG_ANALYZER_NUMBER_OBJECT_CONVERSION = YES_AGGRESSIVE;
				CLANG_CXX_LANGUAGE_STANDARD = "gnu++20";
				CLANG_ENABLE_MODULES = YES;
				CLANG_ENABLE_OBJC_ARC = YES;
				CLANG_ENABLE_OBJC_WEAK = YES;
				CLANG_WARN_BLOCK_CAPTURE_AUTORELEASING = YES;
				CLANG_WARN_BOOL_CONVERSION = YES;
				CLANG_WARN_COMMA = YES;
				CLANG_WARN_CONSTANT_CONVERSION = YES;
				CLANG_WARN_DEPRECATED_OBJC_IMPLEMENTATIONS = YES;
				CLANG_WARN_DIRECT_OBJC_ISA_USAGE = YES_ERROR;
				CLANG_WARN_DOCUMENTATION_COMMENTS = YES;
				CLANG_WARN_EMPTY_BODY = YES;
				CLANG_WARN_ENUM_CONVERSION = YES;
				CLANG_WARN_INFINITE_RECURSION = YES;
				CLANG_WARN_INT_CONVERSION = YES;
				CLANG_WARN_NON_LITERAL_NULL_CONVERSION = YES;
				CLANG_WARN_OBJC_IMPLICIT_RETAIN_SELF = YES;
				CLANG_WARN_OBJC_LITERAL_CONVERSION = YES;
				CLANG_WARN_OBJC_ROOT_CLASS = YES_ERROR;
				CLANG_WARN_QUOTED_INCLUDE_IN_FRAMEWORK_HEADER = YES;
				CLANG_WARN_RANGE_LOOP_ANALYSIS = YES;
				CLANG_WARN_STRICT_PROTOTYPES = YES;
				CLANG_WARN_SUSPICIOUS_MOVE = YES;
				CLANG_WARN_UNGUARDED_AVAILABILITY = YES_AGGRESSIVE;
				CLANG_WARN_UNREACHABLE_CODE = YES;
				CLANG_WARN__DUPLICATE_METHOD_MATCH = YES;
				COPY_PHASE_STRIP = NO;
				DEAD_CODE_STRIPPING = YES;
				DEBUG_INFORMATION_FORMAT = dwarf;
				ENABLE_STRICT_OBJC_MSGSEND = YES;
				ENABLE_TESTABILITY = YES;
				ENABLE_USER_SCRIPT_SANDBOXING = YES;
				GCC_C_LANGUAGE_STANDARD = gnu17;
				GCC_DYNAMIC_NO_PIC = NO;
				GCC_NO_COMMON_BLOCKS = YES;
				GCC_OPTIMIZATION_LEVEL = 0;
				GCC_PREPROCESSOR_DEFINITIONS = (
					"DEBUG=1",
					"$(inherited)",
				);
				GCC_WARN_64_TO_32_BIT_CONVERSION = YES;
				GCC_WARN_ABOUT_RETURN_TYPE = YES_ERROR;
				GCC_WARN_UNDECLARED_SELECTOR = YES;
				GCC_WARN_UNINITIALIZED_AUTOS = YES_AGGRESSIVE;
				GCC_WARN_UNUSED_FUNCTION = YES;
				GCC_WARN_UNUSED_VARIABLE = YES;
				LOCALIZATION_PREFERS_STRING_CATALOGS = YES;
				MTL_ENABLE_DEBUG_INFO = INCLUDE_SOURCE;
				MTL_FAST_MATH = YES;
				ONLY_ACTIVE_ARCH = YES;
				SWIFT_ACTIVE_COMPILATION_CONDITIONS = "DEBUG $(inherited)";
				SWIFT_OPTIMIZATION_LEVEL = "-Onone";
			};
			name = Debug;
		};
		A16BD1A22BC2B09300E235B9 /* Release */ = {
			isa = XCBuildConfiguration;
			buildSettings = {
				ALWAYS_SEARCH_USER_PATHS = NO;
				ASSETCATALOG_COMPILER_GENERATE_SWIFT_ASSET_SYMBOL_EXTENSIONS = YES;
				CLANG_ANALYZER_NONNULL = YES;
				CLANG_ANALYZER_NUMBER_OBJECT_CONVERSION = YES_AGGRESSIVE;
				CLANG_CXX_LANGUAGE_STANDARD = "gnu++20";
				CLANG_ENABLE_MODULES = YES;
				CLANG_ENABLE_OBJC_ARC = YES;
				CLANG_ENABLE_OBJC_WEAK = YES;
				CLANG_WARN_BLOCK_CAPTURE_AUTORELEASING = YES;
				CLANG_WARN_BOOL_CONVERSION = YES;
				CLANG_WARN_COMMA = YES;
				CLANG_WARN_CONSTANT_CONVERSION = YES;
				CLANG_WARN_DEPRECATED_OBJC_IMPLEMENTATIONS = YES;
				CLANG_WARN_DIRECT_OBJC_ISA_USAGE = YES_ERROR;
				CLANG_WARN_DOCUMENTATION_COMMENTS = YES;
				CLANG_WARN_EMPTY_BODY = YES;
				CLANG_WARN_ENUM_CONVERSION = YES;
				CLANG_WARN_INFINITE_RECURSION = YES;
				CLANG_WARN_INT_CONVERSION = YES;
				CLANG_WARN_NON_LITERAL_NULL_CONVERSION = YES;
				CLANG_WARN_OBJC_IMPLICIT_RETAIN_SELF = YES;
				CLANG_WARN_OBJC_LITERAL_CONVERSION = YES;
				CLANG_WARN_OBJC_ROOT_CLASS = YES_ERROR;
				CLANG_WARN_QUOTED_INCLUDE_IN_FRAMEWORK_HEADER = YES;
				CLANG_WARN_RANGE_LOOP_ANALYSIS = YES;
				CLANG_WARN_STRICT_PROTOTYPES = YES;
				CLANG_WARN_SUSPICIOUS_MOVE = YES;
				CLANG_WARN_UNGUARDED_AVAILABILITY = YES_AGGRESSIVE;
				CLANG_WARN_UNREACHABLE_CODE = YES;
				CLANG_WARN__DUPLICATE_METHOD_MATCH = YES;
				COPY_PHASE_STRIP = NO;
				DEAD_CODE_STRIPPING = YES;
				DEBUG_INFORMATION_FORMAT = "dwarf-with-dsym";
				ENABLE_NS_ASSERTIONS = NO;
				ENABLE_STRICT_OBJC_MSGSEND = YES;
				ENABLE_USER_SCRIPT_SANDBOXING = YES;
				GCC_C_LANGUAGE_STANDARD = gnu17;
				GCC_NO_COMMON_BLOCKS = YES;
				GCC_WARN_64_TO_32_BIT_CONVERSION = YES;
				GCC_WARN_ABOUT_RETURN_TYPE = YES_ERROR;
				GCC_WARN_UNDECLARED_SELECTOR = YES;
				GCC_WARN_UNINITIALIZED_AUTOS = YES_AGGRESSIVE;
				GCC_WARN_UNUSED_FUNCTION = YES;
				GCC_WARN_UNUSED_VARIABLE = YES;
				LOCALIZATION_PREFERS_STRING_CATALOGS = YES;
				MTL_ENABLE_DEBUG_INFO = NO;
				MTL_FAST_MATH = YES;
				SWIFT_COMPILATION_MODE = wholemodule;
			};
			name = Release;
		};
		A16BD1A42BC2B09300E235B9 /* Debug */ = {
			isa = XCBuildConfiguration;
			buildSettings = {
				ASSETCATALOG_COMPILER_APPICON_NAME = AppIcon;
				ASSETCATALOG_COMPILER_GLOBAL_ACCENT_COLOR_NAME = AccentColor;
				CODE_SIGN_ENTITLEMENTS = Markets/Markets.entitlements;
				CODE_SIGN_STYLE = Automatic;
				CURRENT_PROJECT_VERSION = 1;
				DEAD_CODE_STRIPPING = YES;
				DEVELOPMENT_ASSET_PATHS = "\"Markets/Preview Content\"";
				DEVELOPMENT_TEAM = KQHX6P6Q2H;
				ENABLE_HARDENED_RUNTIME = YES;
				ENABLE_PREVIEWS = YES;
				GENERATE_INFOPLIST_FILE = YES;
				INFOPLIST_KEY_NSCameraUsageDescription = "계좌번호 인식을 위해 카메라에 접근해야 합니다.";
				INFOPLIST_KEY_NSLocationWhenInUseUsageDescription = "근처 정보를 제공하기 위해 현재 위치에 접근해야 합니다.";
				"INFOPLIST_KEY_UIApplicationSceneManifest_Generation[sdk=iphoneos*]" = YES;
				"INFOPLIST_KEY_UIApplicationSceneManifest_Generation[sdk=iphonesimulator*]" = YES;
				"INFOPLIST_KEY_UIApplicationSupportsIndirectInputEvents[sdk=iphoneos*]" = YES;
				"INFOPLIST_KEY_UIApplicationSupportsIndirectInputEvents[sdk=iphonesimulator*]" = YES;
				"INFOPLIST_KEY_UILaunchScreen_Generation[sdk=iphoneos*]" = YES;
				"INFOPLIST_KEY_UILaunchScreen_Generation[sdk=iphonesimulator*]" = YES;
				"INFOPLIST_KEY_UIStatusBarStyle[sdk=iphoneos*]" = UIStatusBarStyleDefault;
				"INFOPLIST_KEY_UIStatusBarStyle[sdk=iphonesimulator*]" = UIStatusBarStyleDefault;
				INFOPLIST_KEY_UISupportedInterfaceOrientations = UIInterfaceOrientationPortrait;
				INFOPLIST_KEY_UISupportedInterfaceOrientations_iPad = "UIInterfaceOrientationLandscapeLeft UIInterfaceOrientationLandscapeRight UIInterfaceOrientationPortrait UIInterfaceOrientationPortraitUpsideDown";
				IPHONEOS_DEPLOYMENT_TARGET = 17.0;
				LD_RUNPATH_SEARCH_PATHS = "@executable_path/Frameworks";
				"LD_RUNPATH_SEARCH_PATHS[sdk=macosx*]" = "@executable_path/../Frameworks";
				MACOSX_DEPLOYMENT_TARGET = 14.4;
				MARKETING_VERSION = 1.0;
				PRODUCT_BUNDLE_IDENTIFIER = com.andy.Markets;
				PRODUCT_NAME = "$(TARGET_NAME)";
				SDKROOT = auto;
				SUPPORTED_PLATFORMS = "iphoneos iphonesimulator xros xrsimulator";
				SUPPORTS_MACCATALYST = NO;
				SUPPORTS_MAC_DESIGNED_FOR_IPHONE_IPAD = YES;
				SWIFT_EMIT_LOC_STRINGS = YES;
				SWIFT_VERSION = 5.0;
				TARGETED_DEVICE_FAMILY = "1,2,7";
			};
			name = Debug;
		};
		A16BD1A52BC2B09300E235B9 /* Release */ = {
			isa = XCBuildConfiguration;
			buildSettings = {
				ASSETCATALOG_COMPILER_APPICON_NAME = AppIcon;
				ASSETCATALOG_COMPILER_GLOBAL_ACCENT_COLOR_NAME = AccentColor;
				CODE_SIGN_ENTITLEMENTS = Markets/Markets.entitlements;
				CODE_SIGN_STYLE = Automatic;
				CURRENT_PROJECT_VERSION = 1;
				DEAD_CODE_STRIPPING = YES;
				DEVELOPMENT_ASSET_PATHS = "\"Markets/Preview Content\"";
				DEVELOPMENT_TEAM = KQHX6P6Q2H;
				ENABLE_HARDENED_RUNTIME = YES;
				ENABLE_PREVIEWS = YES;
				GENERATE_INFOPLIST_FILE = YES;
				INFOPLIST_KEY_NSCameraUsageDescription = "계좌번호 인식을 위해 카메라에 접근해야 합니다.";
				INFOPLIST_KEY_NSLocationWhenInUseUsageDescription = "근처 정보를 제공하기 위해 현재 위치에 접근해야 합니다.";
				"INFOPLIST_KEY_UIApplicationSceneManifest_Generation[sdk=iphoneos*]" = YES;
				"INFOPLIST_KEY_UIApplicationSceneManifest_Generation[sdk=iphonesimulator*]" = YES;
				"INFOPLIST_KEY_UIApplicationSupportsIndirectInputEvents[sdk=iphoneos*]" = YES;
				"INFOPLIST_KEY_UIApplicationSupportsIndirectInputEvents[sdk=iphonesimulator*]" = YES;
				"INFOPLIST_KEY_UILaunchScreen_Generation[sdk=iphoneos*]" = YES;
				"INFOPLIST_KEY_UILaunchScreen_Generation[sdk=iphonesimulator*]" = YES;
				"INFOPLIST_KEY_UIStatusBarStyle[sdk=iphoneos*]" = UIStatusBarStyleDefault;
				"INFOPLIST_KEY_UIStatusBarStyle[sdk=iphonesimulator*]" = UIStatusBarStyleDefault;
				INFOPLIST_KEY_UISupportedInterfaceOrientations = UIInterfaceOrientationPortrait;
				INFOPLIST_KEY_UISupportedInterfaceOrientations_iPad = "UIInterfaceOrientationLandscapeLeft UIInterfaceOrientationLandscapeRight UIInterfaceOrientationPortrait UIInterfaceOrientationPortraitUpsideDown";
				IPHONEOS_DEPLOYMENT_TARGET = 17.0;
				LD_RUNPATH_SEARCH_PATHS = "@executable_path/Frameworks";
				"LD_RUNPATH_SEARCH_PATHS[sdk=macosx*]" = "@executable_path/../Frameworks";
				MACOSX_DEPLOYMENT_TARGET = 14.4;
				MARKETING_VERSION = 1.0;
				PRODUCT_BUNDLE_IDENTIFIER = com.andy.Markets;
				PRODUCT_NAME = "$(TARGET_NAME)";
				SDKROOT = auto;
				SUPPORTED_PLATFORMS = "iphoneos iphonesimulator xros xrsimulator";
				SUPPORTS_MACCATALYST = NO;
				SUPPORTS_MAC_DESIGNED_FOR_IPHONE_IPAD = YES;
				SWIFT_EMIT_LOC_STRINGS = YES;
				SWIFT_VERSION = 5.0;
				TARGETED_DEVICE_FAMILY = "1,2,7";
			};
			name = Release;
		};
/* End XCBuildConfiguration section */

/* Begin XCConfigurationList section */
		A16BD18F2BC2B09200E235B9 /* Build configuration list for PBXProject "Markets" */ = {
			isa = XCConfigurationList;
			buildConfigurations = (
				A16BD1A12BC2B09300E235B9 /* Debug */,
				A16BD1A22BC2B09300E235B9 /* Release */,
			);
			defaultConfigurationIsVisible = 0;
			defaultConfigurationName = Release;
		};
		A16BD1A32BC2B09300E235B9 /* Build configuration list for PBXNativeTarget "Markets" */ = {
			isa = XCConfigurationList;
			buildConfigurations = (
				A16BD1A42BC2B09300E235B9 /* Debug */,
				A16BD1A52BC2B09300E235B9 /* Release */,
			);
			defaultConfigurationIsVisible = 0;
			defaultConfigurationName = Release;
		};
/* End XCConfigurationList section */

/* Begin XCRemoteSwiftPackageReference section */
		A1CDA52E2BDE195800BDE086 /* XCRemoteSwiftPackageReference "firebase-ios-sdk" */ = {
			isa = XCRemoteSwiftPackageReference;
			repositoryURL = "https://github.com/firebase/firebase-ios-sdk.git";
			requirement = {
				kind = upToNextMajorVersion;
				minimumVersion = 10.24.0;
			};
		};
/* End XCRemoteSwiftPackageReference section */

/* Begin XCSwiftPackageProductDependency section */
		A148DD4F2BE60D3000C5456D /* FirebaseDatabaseSwift */ = {
			isa = XCSwiftPackageProductDependency;
			package = A1CDA52E2BDE195800BDE086 /* XCRemoteSwiftPackageReference "firebase-ios-sdk" */;
			productName = FirebaseDatabaseSwift;
		};
		A16295A72BDE99C7002D217A /* FirebaseAnalytics */ = {
			isa = XCSwiftPackageProductDependency;
			package = A1CDA52E2BDE195800BDE086 /* XCRemoteSwiftPackageReference "firebase-ios-sdk" */;
			productName = FirebaseAnalytics;
		};
		A16295A92BDE99C7002D217A /* FirebaseAnalyticsSwift */ = {
			isa = XCSwiftPackageProductDependency;
			package = A1CDA52E2BDE195800BDE086 /* XCRemoteSwiftPackageReference "firebase-ios-sdk" */;
			productName = FirebaseAnalyticsSwift;
		};
		A1CDA52F2BDE195800BDE086 /* FirebaseDatabase */ = {
			isa = XCSwiftPackageProductDependency;
			package = A1CDA52E2BDE195800BDE086 /* XCRemoteSwiftPackageReference "firebase-ios-sdk" */;
			productName = FirebaseDatabase;
		};
		A1CDA5312BDE195800BDE086 /* FirebaseStorage */ = {
			isa = XCSwiftPackageProductDependency;
			package = A1CDA52E2BDE195800BDE086 /* XCRemoteSwiftPackageReference "firebase-ios-sdk" */;
			productName = FirebaseStorage;
		};
		A1CDA5332BDE195800BDE086 /* FirebaseStorageCombine-Community */ = {
			isa = XCSwiftPackageProductDependency;
			package = A1CDA52E2BDE195800BDE086 /* XCRemoteSwiftPackageReference "firebase-ios-sdk" */;
			productName = "FirebaseStorageCombine-Community";
		};
/* End XCSwiftPackageProductDependency section */
	};
	rootObject = A16BD18C2BC2B09200E235B9 /* Project object */;
}
