// !$*UTF8*$!
{
	archiveVersion = 1;
	classes = {
	};
	objectVersion = 56;
	objects = {

/* Begin PBXBuildFile section */
		A11F93DE2BB849ED002BE5EF /* AccountNumberCameraViewController.swift in Sources */ = {isa = PBXBuildFile; fileRef = A11F93DD2BB849ED002BE5EF /* AccountNumberCameraViewController.swift */; };
		A11F93E02BB86092002BE5EF /* AccountMainCameraView.swift in Sources */ = {isa = PBXBuildFile; fileRef = A11F93DF2BB86092002BE5EF /* AccountMainCameraView.swift */; };
		A14B91EA2BC147A400C281C1 /* NearbyView.swift in Sources */ = {isa = PBXBuildFile; fileRef = A14B91E92BC147A400C281C1 /* NearbyView.swift */; };
		A14B91ED2BC152C600C281C1 /* AccessCurrentLocation.swift in Sources */ = {isa = PBXBuildFile; fileRef = A14B91EC2BC152C600C281C1 /* AccessCurrentLocation.swift */; };
		A1C559DA2BB5BB25003D9F6E /* AccountNumberCameraView.swift in Sources */ = {isa = PBXBuildFile; fileRef = A1C559D92BB5BB25003D9F6E /* AccountNumberCameraView.swift */; };
		A1C559DD2BB5BFF7003D9F6E /* DeveloperInfoView.swift in Sources */ = {isa = PBXBuildFile; fileRef = A1C559DC2BB5BFF7003D9F6E /* DeveloperInfoView.swift */; };
		A1CBA20C2BB45B6B00ED0C1A /* MarketHelperApp.swift in Sources */ = {isa = PBXBuildFile; fileRef = A1CBA20B2BB45B6B00ED0C1A /* MarketHelperApp.swift */; };
		A1CBA20E2BB45B6B00ED0C1A /* ContentView.swift in Sources */ = {isa = PBXBuildFile; fileRef = A1CBA20D2BB45B6B00ED0C1A /* ContentView.swift */; };
		A1CBA2102BB45B6B00ED0C1A /* Assets.xcassets in Resources */ = {isa = PBXBuildFile; fileRef = A1CBA20F2BB45B6B00ED0C1A /* Assets.xcassets */; };
		A1CBA2142BB45B6B00ED0C1A /* Preview Assets.xcassets in Resources */ = {isa = PBXBuildFile; fileRef = A1CBA2132BB45B6B00ED0C1A /* Preview Assets.xcassets */; };
		A1CBA21D2BB45BB100ED0C1A /* HomeView.swift in Sources */ = {isa = PBXBuildFile; fileRef = A1CBA21C2BB45BB100ED0C1A /* HomeView.swift */; };
		A1CBA21F2BB45BBA00ED0C1A /* ItemView.swift in Sources */ = {isa = PBXBuildFile; fileRef = A1CBA21E2BB45BBA00ED0C1A /* ItemView.swift */; };
		A1CBA2212BB45BC100ED0C1A /* ItemDetailMapView.swift in Sources */ = {isa = PBXBuildFile; fileRef = A1CBA2202BB45BC100ED0C1A /* ItemDetailMapView.swift */; };
		A1CBA2232BB45BCC00ED0C1A /* FavoritesView.swift in Sources */ = {isa = PBXBuildFile; fileRef = A1CBA2222BB45BCC00ED0C1A /* FavoritesView.swift */; };
		A1CBA2252BB45BD200ED0C1A /* OldMapView.swift in Sources */ = {isa = PBXBuildFile; fileRef = A1CBA2242BB45BD200ED0C1A /* OldMapView.swift */; };
		A1CBA2272BB45BD800ED0C1A /* MorePageView.swift in Sources */ = {isa = PBXBuildFile; fileRef = A1CBA2262BB45BD800ED0C1A /* MorePageView.swift */; };
		A1D6BBAB2BBFE4AF002EBDE0 /* ItemDetailView.swift in Sources */ = {isa = PBXBuildFile; fileRef = A1D6BBAA2BBFE4AF002EBDE0 /* ItemDetailView.swift */; };
/* End PBXBuildFile section */

/* Begin PBXFileReference section */
		A11F93DD2BB849ED002BE5EF /* AccountNumberCameraViewController.swift */ = {isa = PBXFileReference; lastKnownFileType = sourcecode.swift; path = AccountNumberCameraViewController.swift; sourceTree = "<group>"; };
		A11F93DF2BB86092002BE5EF /* AccountMainCameraView.swift */ = {isa = PBXFileReference; lastKnownFileType = sourcecode.swift; path = AccountMainCameraView.swift; sourceTree = "<group>"; };
		A14B91E92BC147A400C281C1 /* NearbyView.swift */ = {isa = PBXFileReference; lastKnownFileType = sourcecode.swift; path = NearbyView.swift; sourceTree = "<group>"; };
		A14B91EC2BC152C600C281C1 /* AccessCurrentLocation.swift */ = {isa = PBXFileReference; lastKnownFileType = sourcecode.swift; path = AccessCurrentLocation.swift; sourceTree = "<group>"; };
		A1C559D92BB5BB25003D9F6E /* AccountNumberCameraView.swift */ = {isa = PBXFileReference; lastKnownFileType = sourcecode.swift; path = AccountNumberCameraView.swift; sourceTree = "<group>"; };
		A1C559DC2BB5BFF7003D9F6E /* DeveloperInfoView.swift */ = {isa = PBXFileReference; lastKnownFileType = sourcecode.swift; path = DeveloperInfoView.swift; sourceTree = "<group>"; };
		A1CBA2082BB45B6B00ED0C1A /* MarketHelper.app */ = {isa = PBXFileReference; explicitFileType = wrapper.application; includeInIndex = 0; path = MarketHelper.app; sourceTree = BUILT_PRODUCTS_DIR; };
		A1CBA20B2BB45B6B00ED0C1A /* MarketHelperApp.swift */ = {isa = PBXFileReference; lastKnownFileType = sourcecode.swift; path = MarketHelperApp.swift; sourceTree = "<group>"; };
		A1CBA20D2BB45B6B00ED0C1A /* ContentView.swift */ = {isa = PBXFileReference; lastKnownFileType = sourcecode.swift; path = ContentView.swift; sourceTree = "<group>"; };
		A1CBA20F2BB45B6B00ED0C1A /* Assets.xcassets */ = {isa = PBXFileReference; lastKnownFileType = folder.assetcatalog; path = Assets.xcassets; sourceTree = "<group>"; };
		A1CBA2112BB45B6B00ED0C1A /* MarketHelper.entitlements */ = {isa = PBXFileReference; lastKnownFileType = text.plist.entitlements; path = MarketHelper.entitlements; sourceTree = "<group>"; };
		A1CBA2132BB45B6B00ED0C1A /* Preview Assets.xcassets */ = {isa = PBXFileReference; lastKnownFileType = folder.assetcatalog; path = "Preview Assets.xcassets"; sourceTree = "<group>"; };
		A1CBA21C2BB45BB100ED0C1A /* HomeView.swift */ = {isa = PBXFileReference; lastKnownFileType = sourcecode.swift; path = HomeView.swift; sourceTree = "<group>"; };
		A1CBA21E2BB45BBA00ED0C1A /* ItemView.swift */ = {isa = PBXFileReference; lastKnownFileType = sourcecode.swift; path = ItemView.swift; sourceTree = "<group>"; };
		A1CBA2202BB45BC100ED0C1A /* ItemDetailMapView.swift */ = {isa = PBXFileReference; lastKnownFileType = sourcecode.swift; path = ItemDetailMapView.swift; sourceTree = "<group>"; };
		A1CBA2222BB45BCC00ED0C1A /* FavoritesView.swift */ = {isa = PBXFileReference; lastKnownFileType = sourcecode.swift; path = FavoritesView.swift; sourceTree = "<group>"; };
		A1CBA2242BB45BD200ED0C1A /* OldMapView.swift */ = {isa = PBXFileReference; lastKnownFileType = sourcecode.swift; path = OldMapView.swift; sourceTree = "<group>"; };
		A1CBA2262BB45BD800ED0C1A /* MorePageView.swift */ = {isa = PBXFileReference; lastKnownFileType = sourcecode.swift; path = MorePageView.swift; sourceTree = "<group>"; };
		A1D6BBAA2BBFE4AF002EBDE0 /* ItemDetailView.swift */ = {isa = PBXFileReference; lastKnownFileType = sourcecode.swift; path = ItemDetailView.swift; sourceTree = "<group>"; };
/* End PBXFileReference section */

/* Begin PBXFrameworksBuildPhase section */
		A1CBA2052BB45B6B00ED0C1A /* Frameworks */ = {
			isa = PBXFrameworksBuildPhase;
			buildActionMask = 2147483647;
			files = (
			);
			runOnlyForDeploymentPostprocessing = 0;
		};
/* End PBXFrameworksBuildPhase section */

/* Begin PBXGroup section */
		A11F93DC2BB8430C002BE5EF /* AccountCamera */ = {
			isa = PBXGroup;
			children = (
				A11F93DF2BB86092002BE5EF /* AccountMainCameraView.swift */,
				A1C559D92BB5BB25003D9F6E /* AccountNumberCameraView.swift */,
				A11F93DD2BB849ED002BE5EF /* AccountNumberCameraViewController.swift */,
			);
			path = AccountCamera;
			sourceTree = "<group>";
		};
		A14B91EB2BC1523600C281C1 /* OldCode */ = {
			isa = PBXGroup;
			children = (
				A1CBA2242BB45BD200ED0C1A /* OldMapView.swift */,
			);
			path = OldCode;
			sourceTree = "<group>";
		};
		A14B91EE2BC152FA00C281C1 /* Nearby */ = {
			isa = PBXGroup;
			children = (
				A14B91E92BC147A400C281C1 /* NearbyView.swift */,
				A14B91EC2BC152C600C281C1 /* AccessCurrentLocation.swift */,
			);
			path = Nearby;
			sourceTree = "<group>";
		};
		A1C559D82BB5B807003D9F6E /* MorePage */ = {
			isa = PBXGroup;
			children = (
				A1CBA2262BB45BD800ED0C1A /* MorePageView.swift */,
				A11F93DC2BB8430C002BE5EF /* AccountCamera */,
				A14B91EE2BC152FA00C281C1 /* Nearby */,
				A1C559DC2BB5BFF7003D9F6E /* DeveloperInfoView.swift */,
			);
			path = MorePage;
			sourceTree = "<group>";
		};
		A1C559DB2BB5BD27003D9F6E /* Favorites */ = {
			isa = PBXGroup;
			children = (
				A1CBA2222BB45BCC00ED0C1A /* FavoritesView.swift */,
			);
			path = Favorites;
			sourceTree = "<group>";
		};
		A1CBA1FF2BB45B6B00ED0C1A = {
			isa = PBXGroup;
			children = (
				A1CBA20A2BB45B6B00ED0C1A /* MarketHelper */,
				A1CBA2092BB45B6B00ED0C1A /* Products */,
			);
			sourceTree = "<group>";
		};
		A1CBA2092BB45B6B00ED0C1A /* Products */ = {
			isa = PBXGroup;
			children = (
				A1CBA2082BB45B6B00ED0C1A /* MarketHelper.app */,
			);
			name = Products;
			sourceTree = "<group>";
		};
		A1CBA20A2BB45B6B00ED0C1A /* MarketHelper */ = {
			isa = PBXGroup;
			children = (
				A1CBA20B2BB45B6B00ED0C1A /* MarketHelperApp.swift */,
				A1CBA20D2BB45B6B00ED0C1A /* ContentView.swift */,
				A1CBA21A2BB45B9A00ED0C1A /* Views */,
				A1CBA20F2BB45B6B00ED0C1A /* Assets.xcassets */,
				A1CBA2112BB45B6B00ED0C1A /* MarketHelper.entitlements */,
				A1CBA2122BB45B6B00ED0C1A /* Preview Content */,
			);
			path = MarketHelper;
			sourceTree = "<group>";
		};
		A1CBA2122BB45B6B00ED0C1A /* Preview Content */ = {
			isa = PBXGroup;
			children = (
				A1CBA2132BB45B6B00ED0C1A /* Preview Assets.xcassets */,
			);
			path = "Preview Content";
			sourceTree = "<group>";
		};
		A1CBA21A2BB45B9A00ED0C1A /* Views */ = {
			isa = PBXGroup;
			children = (
				A1C559DB2BB5BD27003D9F6E /* Favorites */,
				A1CBA21B2BB45BA100ED0C1A /* HomeView */,
				A1C559D82BB5B807003D9F6E /* MorePage */,
				A14B91EB2BC1523600C281C1 /* OldCode */,
			);
			path = Views;
			sourceTree = "<group>";
		};
		A1CBA21B2BB45BA100ED0C1A /* HomeView */ = {
			isa = PBXGroup;
			children = (
				A1CBA21C2BB45BB100ED0C1A /* HomeView.swift */,
				A1CBA21E2BB45BBA00ED0C1A /* ItemView.swift */,
				A1D6BBAA2BBFE4AF002EBDE0 /* ItemDetailView.swift */,
				A1CBA2202BB45BC100ED0C1A /* ItemDetailMapView.swift */,
			);
			path = HomeView;
			sourceTree = "<group>";
		};
/* End PBXGroup section */

/* Begin PBXNativeTarget section */
		A1CBA2072BB45B6B00ED0C1A /* MarketHelper */ = {
			isa = PBXNativeTarget;
			buildConfigurationList = A1CBA2172BB45B6B00ED0C1A /* Build configuration list for PBXNativeTarget "MarketHelper" */;
			buildPhases = (
				A1CBA2042BB45B6B00ED0C1A /* Sources */,
				A1CBA2052BB45B6B00ED0C1A /* Frameworks */,
				A1CBA2062BB45B6B00ED0C1A /* Resources */,
			);
			buildRules = (
			);
			dependencies = (
			);
			name = MarketHelper;
			productName = MarketHelper;
			productReference = A1CBA2082BB45B6B00ED0C1A /* MarketHelper.app */;
			productType = "com.apple.product-type.application";
		};
/* End PBXNativeTarget section */

/* Begin PBXProject section */
		A1CBA2002BB45B6B00ED0C1A /* Project object */ = {
			isa = PBXProject;
			attributes = {
				BuildIndependentTargetsInParallel = 1;
				LastSwiftUpdateCheck = 1530;
				LastUpgradeCheck = 1530;
				TargetAttributes = {
					A1CBA2072BB45B6B00ED0C1A = {
						CreatedOnToolsVersion = 15.3;
					};
				};
			};
			buildConfigurationList = A1CBA2032BB45B6B00ED0C1A /* Build configuration list for PBXProject "MarketHelper" */;
			compatibilityVersion = "Xcode 14.0";
			developmentRegion = en;
			hasScannedForEncodings = 0;
			knownRegions = (
				en,
				Base,
			);
			mainGroup = A1CBA1FF2BB45B6B00ED0C1A;
			productRefGroup = A1CBA2092BB45B6B00ED0C1A /* Products */;
			projectDirPath = "";
			projectRoot = "";
			targets = (
				A1CBA2072BB45B6B00ED0C1A /* MarketHelper */,
			);
		};
/* End PBXProject section */

/* Begin PBXResourcesBuildPhase section */
		A1CBA2062BB45B6B00ED0C1A /* Resources */ = {
			isa = PBXResourcesBuildPhase;
			buildActionMask = 2147483647;
			files = (
				A1CBA2142BB45B6B00ED0C1A /* Preview Assets.xcassets in Resources */,
				A1CBA2102BB45B6B00ED0C1A /* Assets.xcassets in Resources */,
			);
			runOnlyForDeploymentPostprocessing = 0;
		};
/* End PBXResourcesBuildPhase section */

/* Begin PBXSourcesBuildPhase section */
		A1CBA2042BB45B6B00ED0C1A /* Sources */ = {
			isa = PBXSourcesBuildPhase;
			buildActionMask = 2147483647;
			files = (
				A1CBA2252BB45BD200ED0C1A /* OldMapView.swift in Sources */,
				A1CBA2272BB45BD800ED0C1A /* MorePageView.swift in Sources */,
				A1D6BBAB2BBFE4AF002EBDE0 /* ItemDetailView.swift in Sources */,
				A1C559DA2BB5BB25003D9F6E /* AccountNumberCameraView.swift in Sources */,
				A14B91ED2BC152C600C281C1 /* AccessCurrentLocation.swift in Sources */,
				A1CBA21D2BB45BB100ED0C1A /* HomeView.swift in Sources */,
				A1CBA2212BB45BC100ED0C1A /* ItemDetailMapView.swift in Sources */,
				A14B91EA2BC147A400C281C1 /* NearbyView.swift in Sources */,
				A11F93DE2BB849ED002BE5EF /* AccountNumberCameraViewController.swift in Sources */,
				A1CBA2232BB45BCC00ED0C1A /* FavoritesView.swift in Sources */,
				A1CBA20E2BB45B6B00ED0C1A /* ContentView.swift in Sources */,
				A11F93E02BB86092002BE5EF /* AccountMainCameraView.swift in Sources */,
				A1C559DD2BB5BFF7003D9F6E /* DeveloperInfoView.swift in Sources */,
				A1CBA20C2BB45B6B00ED0C1A /* MarketHelperApp.swift in Sources */,
				A1CBA21F2BB45BBA00ED0C1A /* ItemView.swift in Sources */,
			);
			runOnlyForDeploymentPostprocessing = 0;
		};
/* End PBXSourcesBuildPhase section */

/* Begin XCBuildConfiguration section */
		A1CBA2152BB45B6B00ED0C1A /* Debug */ = {
			isa = XCBuildConfiguration;
			buildSettings = {
				ALWAYS_SEARCH_USER_PATHS = NO;
				ASSETCATALOG_COMPILER_GENERATE_SWIFT_ASSET_SYMBOL_EXTENSIONS = YES;
				CLANG_ANALYZER_NONNULL = YES;
				CLANG_ANALYZER_NUMBER_OBJECT_CONVERSION = YES_AGGRESSIVE;
				CLANG_CXX_LANGUAGE_STANDARD = "gnu++20";
				CLANG_ENABLE_MODULES = YES;
				CLANG_ENABLE_OBJC_ARC = YES;
				CLANG_ENABLE_OBJC_WEAK = YES;
				CLANG_WARN_BLOCK_CAPTURE_AUTORELEASING = YES;
				CLANG_WARN_BOOL_CONVERSION = YES;
				CLANG_WARN_COMMA = YES;
				CLANG_WARN_CONSTANT_CONVERSION = YES;
				CLANG_WARN_DEPRECATED_OBJC_IMPLEMENTATIONS = YES;
				CLANG_WARN_DIRECT_OBJC_ISA_USAGE = YES_ERROR;
				CLANG_WARN_DOCUMENTATION_COMMENTS = YES;
				CLANG_WARN_EMPTY_BODY = YES;
				CLANG_WARN_ENUM_CONVERSION = YES;
				CLANG_WARN_INFINITE_RECURSION = YES;
				CLANG_WARN_INT_CONVERSION = YES;
				CLANG_WARN_NON_LITERAL_NULL_CONVERSION = YES;
				CLANG_WARN_OBJC_IMPLICIT_RETAIN_SELF = YES;
				CLANG_WARN_OBJC_LITERAL_CONVERSION = YES;
				CLANG_WARN_OBJC_ROOT_CLASS = YES_ERROR;
				CLANG_WARN_QUOTED_INCLUDE_IN_FRAMEWORK_HEADER = YES;
				CLANG_WARN_RANGE_LOOP_ANALYSIS = YES;
				CLANG_WARN_STRICT_PROTOTYPES = YES;
				CLANG_WARN_SUSPICIOUS_MOVE = YES;
				CLANG_WARN_UNGUARDED_AVAILABILITY = YES_AGGRESSIVE;
				CLANG_WARN_UNREACHABLE_CODE = YES;
				CLANG_WARN__DUPLICATE_METHOD_MATCH = YES;
				COPY_PHASE_STRIP = NO;
				DEBUG_INFORMATION_FORMAT = dwarf;
				ENABLE_STRICT_OBJC_MSGSEND = YES;
				ENABLE_TESTABILITY = YES;
				ENABLE_USER_SCRIPT_SANDBOXING = YES;
				GCC_C_LANGUAGE_STANDARD = gnu17;
				GCC_DYNAMIC_NO_PIC = NO;
				GCC_NO_COMMON_BLOCKS = YES;
				GCC_OPTIMIZATION_LEVEL = 0;
				GCC_PREPROCESSOR_DEFINITIONS = (
					"DEBUG=1",
					"$(inherited)",
				);
				GCC_WARN_64_TO_32_BIT_CONVERSION = YES;
				GCC_WARN_ABOUT_RETURN_TYPE = YES_ERROR;
				GCC_WARN_UNDECLARED_SELECTOR = YES;
				GCC_WARN_UNINITIALIZED_AUTOS = YES_AGGRESSIVE;
				GCC_WARN_UNUSED_FUNCTION = YES;
				GCC_WARN_UNUSED_VARIABLE = YES;
				LOCALIZATION_PREFERS_STRING_CATALOGS = YES;
				MTL_ENABLE_DEBUG_INFO = INCLUDE_SOURCE;
				MTL_FAST_MATH = YES;
				ONLY_ACTIVE_ARCH = YES;
				SWIFT_ACTIVE_COMPILATION_CONDITIONS = "DEBUG $(inherited)";
				SWIFT_OPTIMIZATION_LEVEL = "-Onone";
			};
			name = Debug;
		};
		A1CBA2162BB45B6B00ED0C1A /* Release */ = {
			isa = XCBuildConfiguration;
			buildSettings = {
				ALWAYS_SEARCH_USER_PATHS = NO;
				ASSETCATALOG_COMPILER_GENERATE_SWIFT_ASSET_SYMBOL_EXTENSIONS = YES;
				CLANG_ANALYZER_NONNULL = YES;
				CLANG_ANALYZER_NUMBER_OBJECT_CONVERSION = YES_AGGRESSIVE;
				CLANG_CXX_LANGUAGE_STANDARD = "gnu++20";
				CLANG_ENABLE_MODULES = YES;
				CLANG_ENABLE_OBJC_ARC = YES;
				CLANG_ENABLE_OBJC_WEAK = YES;
				CLANG_WARN_BLOCK_CAPTURE_AUTORELEASING = YES;
				CLANG_WARN_BOOL_CONVERSION = YES;
				CLANG_WARN_COMMA = YES;
				CLANG_WARN_CONSTANT_CONVERSION = YES;
				CLANG_WARN_DEPRECATED_OBJC_IMPLEMENTATIONS = YES;
				CLANG_WARN_DIRECT_OBJC_ISA_USAGE = YES_ERROR;
				CLANG_WARN_DOCUMENTATION_COMMENTS = YES;
				CLANG_WARN_EMPTY_BODY = YES;
				CLANG_WARN_ENUM_CONVERSION = YES;
				CLANG_WARN_INFINITE_RECURSION = YES;
				CLANG_WARN_INT_CONVERSION = YES;
				CLANG_WARN_NON_LITERAL_NULL_CONVERSION = YES;
				CLANG_WARN_OBJC_IMPLICIT_RETAIN_SELF = YES;
				CLANG_WARN_OBJC_LITERAL_CONVERSION = YES;
				CLANG_WARN_OBJC_ROOT_CLASS = YES_ERROR;
				CLANG_WARN_QUOTED_INCLUDE_IN_FRAMEWORK_HEADER = YES;
				CLANG_WARN_RANGE_LOOP_ANALYSIS = YES;
				CLANG_WARN_STRICT_PROTOTYPES = YES;
				CLANG_WARN_SUSPICIOUS_MOVE = YES;
				CLANG_WARN_UNGUARDED_AVAILABILITY = YES_AGGRESSIVE;
				CLANG_WARN_UNREACHABLE_CODE = YES;
				CLANG_WARN__DUPLICATE_METHOD_MATCH = YES;
				COPY_PHASE_STRIP = NO;
				DEBUG_INFORMATION_FORMAT = "dwarf-with-dsym";
				ENABLE_NS_ASSERTIONS = NO;
				ENABLE_STRICT_OBJC_MSGSEND = YES;
				ENABLE_USER_SCRIPT_SANDBOXING = YES;
				GCC_C_LANGUAGE_STANDARD = gnu17;
				GCC_NO_COMMON_BLOCKS = YES;
				GCC_WARN_64_TO_32_BIT_CONVERSION = YES;
				GCC_WARN_ABOUT_RETURN_TYPE = YES_ERROR;
				GCC_WARN_UNDECLARED_SELECTOR = YES;
				GCC_WARN_UNINITIALIZED_AUTOS = YES_AGGRESSIVE;
				GCC_WARN_UNUSED_FUNCTION = YES;
				GCC_WARN_UNUSED_VARIABLE = YES;
				LOCALIZATION_PREFERS_STRING_CATALOGS = YES;
				MTL_ENABLE_DEBUG_INFO = NO;
				MTL_FAST_MATH = YES;
				SWIFT_COMPILATION_MODE = wholemodule;
			};
			name = Release;
		};
		A1CBA2182BB45B6B00ED0C1A /* Debug */ = {
			isa = XCBuildConfiguration;
			buildSettings = {
				ASSETCATALOG_COMPILER_APPICON_NAME = AppIcon;
				ASSETCATALOG_COMPILER_GLOBAL_ACCENT_COLOR_NAME = AccentColor;
				CODE_SIGN_ENTITLEMENTS = MarketHelper/MarketHelper.entitlements;
				CODE_SIGN_STYLE = Automatic;
				CURRENT_PROJECT_VERSION = 1;
				DEVELOPMENT_ASSET_PATHS = "\"MarketHelper/Preview Content\"";
				DEVELOPMENT_TEAM = KQHX6P6Q2H;
				ENABLE_HARDENED_RUNTIME = YES;
				ENABLE_PREVIEWS = YES;
				GENERATE_INFOPLIST_FILE = YES;
				INFOPLIST_KEY_CFBundleDisplayName = Markets;
				INFOPLIST_KEY_LSApplicationCategoryType = "public.app-category.shopping";
				INFOPLIST_KEY_NSCameraUsageDescription = "계좌번호 인식을 위해 카메라에 접근해야 합니다.";
				INFOPLIST_KEY_NSLocationWhenInUseUsageDescription = "현재 위치를 지도에 표시하기 위해 위치서비스에 접근해야 합니다.";
				"INFOPLIST_KEY_UIApplicationSceneManifest_Generation[sdk=iphoneos*]" = YES;
				"INFOPLIST_KEY_UIApplicationSceneManifest_Generation[sdk=iphonesimulator*]" = YES;
				"INFOPLIST_KEY_UIApplicationSupportsIndirectInputEvents[sdk=iphoneos*]" = YES;
				"INFOPLIST_KEY_UIApplicationSupportsIndirectInputEvents[sdk=iphonesimulator*]" = YES;
				"INFOPLIST_KEY_UILaunchScreen_Generation[sdk=iphoneos*]" = YES;
				"INFOPLIST_KEY_UILaunchScreen_Generation[sdk=iphonesimulator*]" = YES;
				"INFOPLIST_KEY_UIStatusBarStyle[sdk=iphoneos*]" = UIStatusBarStyleDefault;
				"INFOPLIST_KEY_UIStatusBarStyle[sdk=iphonesimulator*]" = UIStatusBarStyleDefault;
				INFOPLIST_KEY_UISupportedInterfaceOrientations = UIInterfaceOrientationPortrait;
				INFOPLIST_KEY_UISupportedInterfaceOrientations_iPad = "UIInterfaceOrientationLandscapeLeft UIInterfaceOrientationLandscapeRight UIInterfaceOrientationPortrait UIInterfaceOrientationPortraitUpsideDown";
				IPHONEOS_DEPLOYMENT_TARGET = 17.0;
				LD_RUNPATH_SEARCH_PATHS = "@executable_path/Frameworks";
				"LD_RUNPATH_SEARCH_PATHS[sdk=macosx*]" = "@executable_path/../Frameworks";
				MACOSX_DEPLOYMENT_TARGET = 14.4;
				MARKETING_VERSION = 1.0;
				PRODUCT_BUNDLE_IDENTIFIER = com.andy.MarketHelper;
				PRODUCT_NAME = "$(TARGET_NAME)";
				SDKROOT = auto;
				SUPPORTED_PLATFORMS = "iphoneos iphonesimulator xros xrsimulator";
				SUPPORTS_MACCATALYST = NO;
				SUPPORTS_MAC_DESIGNED_FOR_IPHONE_IPAD = YES;
				SWIFT_EMIT_LOC_STRINGS = YES;
				SWIFT_VERSION = 5.0;
				TARGETED_DEVICE_FAMILY = "1,2,7";
			};
			name = Debug;
		};
		A1CBA2192BB45B6B00ED0C1A /* Release */ = {
			isa = XCBuildConfiguration;
			buildSettings = {
				ASSETCATALOG_COMPILER_APPICON_NAME = AppIcon;
				ASSETCATALOG_COMPILER_GLOBAL_ACCENT_COLOR_NAME = AccentColor;
				CODE_SIGN_ENTITLEMENTS = MarketHelper/MarketHelper.entitlements;
				CODE_SIGN_STYLE = Automatic;
				CURRENT_PROJECT_VERSION = 1;
				DEVELOPMENT_ASSET_PATHS = "\"MarketHelper/Preview Content\"";
				DEVELOPMENT_TEAM = KQHX6P6Q2H;
				ENABLE_HARDENED_RUNTIME = YES;
				ENABLE_PREVIEWS = YES;
				GENERATE_INFOPLIST_FILE = YES;
				INFOPLIST_KEY_CFBundleDisplayName = Markets;
				INFOPLIST_KEY_LSApplicationCategoryType = "public.app-category.shopping";
				INFOPLIST_KEY_NSCameraUsageDescription = "계좌번호 인식을 위해 카메라에 접근해야 합니다.";
				INFOPLIST_KEY_NSLocationWhenInUseUsageDescription = "현재 위치를 지도에 표시하기 위해 위치서비스에 접근해야 합니다.";
				"INFOPLIST_KEY_UIApplicationSceneManifest_Generation[sdk=iphoneos*]" = YES;
				"INFOPLIST_KEY_UIApplicationSceneManifest_Generation[sdk=iphonesimulator*]" = YES;
				"INFOPLIST_KEY_UIApplicationSupportsIndirectInputEvents[sdk=iphoneos*]" = YES;
				"INFOPLIST_KEY_UIApplicationSupportsIndirectInputEvents[sdk=iphonesimulator*]" = YES;
				"INFOPLIST_KEY_UILaunchScreen_Generation[sdk=iphoneos*]" = YES;
				"INFOPLIST_KEY_UILaunchScreen_Generation[sdk=iphonesimulator*]" = YES;
				"INFOPLIST_KEY_UIStatusBarStyle[sdk=iphoneos*]" = UIStatusBarStyleDefault;
				"INFOPLIST_KEY_UIStatusBarStyle[sdk=iphonesimulator*]" = UIStatusBarStyleDefault;
				INFOPLIST_KEY_UISupportedInterfaceOrientations = UIInterfaceOrientationPortrait;
				INFOPLIST_KEY_UISupportedInterfaceOrientations_iPad = "UIInterfaceOrientationLandscapeLeft UIInterfaceOrientationLandscapeRight UIInterfaceOrientationPortrait UIInterfaceOrientationPortraitUpsideDown";
				IPHONEOS_DEPLOYMENT_TARGET = 17.0;
				LD_RUNPATH_SEARCH_PATHS = "@executable_path/Frameworks";
				"LD_RUNPATH_SEARCH_PATHS[sdk=macosx*]" = "@executable_path/../Frameworks";
				MACOSX_DEPLOYMENT_TARGET = 14.4;
				MARKETING_VERSION = 1.0;
				PRODUCT_BUNDLE_IDENTIFIER = com.andy.MarketHelper;
				PRODUCT_NAME = "$(TARGET_NAME)";
				SDKROOT = auto;
				SUPPORTED_PLATFORMS = "iphoneos iphonesimulator xros xrsimulator";
				SUPPORTS_MACCATALYST = NO;
				SUPPORTS_MAC_DESIGNED_FOR_IPHONE_IPAD = YES;
				SWIFT_EMIT_LOC_STRINGS = YES;
				SWIFT_VERSION = 5.0;
				TARGETED_DEVICE_FAMILY = "1,2,7";
			};
			name = Release;
		};
/* End XCBuildConfiguration section */

/* Begin XCConfigurationList section */
		A1CBA2032BB45B6B00ED0C1A /* Build configuration list for PBXProject "MarketHelper" */ = {
			isa = XCConfigurationList;
			buildConfigurations = (
				A1CBA2152BB45B6B00ED0C1A /* Debug */,
				A1CBA2162BB45B6B00ED0C1A /* Release */,
			);
			defaultConfigurationIsVisible = 0;
			defaultConfigurationName = Release;
		};
		A1CBA2172BB45B6B00ED0C1A /* Build configuration list for PBXNativeTarget "MarketHelper" */ = {
			isa = XCConfigurationList;
			buildConfigurations = (
				A1CBA2182BB45B6B00ED0C1A /* Debug */,
				A1CBA2192BB45B6B00ED0C1A /* Release */,
			);
			defaultConfigurationIsVisible = 0;
			defaultConfigurationName = Release;
		};
/* End XCConfigurationList section */
	};
	rootObject = A1CBA2002BB45B6B00ED0C1A /* Project object */;
}
